{
  "lockfile_version": "1",
  "packages": {
    "github:NixOS/nixpkgs/nixpkgs-unstable": {
      "last_modified": "2026-09-27T11:55:07Z",
      "resolved": "github:NixOS/nixpkgs/3181085bfd08663b6b9e60bc7a8395c2aaa741bd?lastModified=1790510107&narHash=sha256-EVMNYv7hYDDD9TGVT%2FhIyTYgpiXA8y3m5xIEIxuGNU0%3D"
    },
    "nodejs@latest": {
      "last_modified": "2026-09-27T03:42:02Z",
      "plugin_version": "0.0.5",
      "resolved": "github:NixOS/nixpkgs/8d5d270900d3fc75655ea2d9d248b234f6631439#nodejs_26",
      "source": "devbox-search",
      "version": "26.10.0",
      "systems": {
        "aarch64-darwin": {
          "outputs": [
            {
              "name": "out",
              "path": "/nix/store/xs1l2nzllqp7imnhpd2n6cm0m70yzp10-nodejs-26.10.0",
              "default": true
            }
          ],
          "store_path": "/nix/store/xs1l2nzllqp7imnhpd2n6cm0m70yzp10-nodejs-26.10.0"
        },
        "aarch64-linux": {
          "outputs": [
            {
              "name": "out",
              "path": "/nix/store/is5cipy5r2l69z98ikz5wrglbxq761hj-nodejs-26.10.0",
              "default": true
            }
          ],
          "store_path": "/nix/store/is5cipy5r2l69z98ikz5wrglbxq761hj-nodejs-26.10.0"
        },
        "x86_64-linux": {
          "outputs": [
            {
              "name": "out",
              "path": "/nix/store/x9iqbiwqaw81lvkpirikqm13cp6whn9s-nodejs-26.10.0",
              "default": true
            }
          ],
          "store_path": "/nix/store/x9iqbiwqaw81lvkpirikqm13cp6whn9s-nodejs-26.10.0"
        }
      }
    }
  }
}
